
Microsoft Visual Studio Solution File, Format Version 12.00
# Visual Studio Version 17
VisualStudioVersion = 17.6.33815.320
MinimumVisualStudioVersion = 10.0.40219.1
Project("{FAE04EC0-301F-11D3-BF4B-00C04F79EFBC}") = "SmetaApp", "SmetaApp.csproj", "{16CD6D22-145E-4E01-BF15-4AC360C902CE}"
EndProject
Global
	GlobalSection(SolutionConfigurationPlatforms) = preSolution
		Debug|Any CPU = Debug|Any CPU
		Release|Any CPU = Release|Any CPU
	EndGlobalSection
	GlobalSection(ProjectConfigurationPlatforms) = postSolution
		{16CD6D22-145E-4E01-BF15-4AC360C902CE}.Debug|Any CPU.ActiveCfg = Debug|Any CPU
		{16CD6D22-145E-4E01-BF15-4AC360C902CE}.Debug|Any CPU.Build.0 = Debug|Any CPU
		{16CD6D22-145E-4E01-BF15-4AC360C902CE}.Release|Any CPU.ActiveCfg = Release|Any CPU
		{16CD6D22-145E-4E01-BF15-4AC360C902CE}.Release|Any CPU.Build.0 = Release|Any CPU
	EndGlobalSection
	GlobalSection(SolutionProperties) = preSolution
		HideSolutionNode = FALSE
	EndGlobalSection
	GlobalSection(ExtensibilityGlobals) = postSolution
		SolutionGuid = {5F9F5025-58C4-4D4E-9C2A-7F8391055DE2}
	EndGlobalSection
EndGlobal
